
Microsoft Visual Studio Solution File, Format Version 12.00
Project("{FAE04EC0-301F-11D3-BF4B-00C04F79EFBC}") = "FluentOperation", "FluentOperation\FluentOperation.csproj", "{9670880D-23EB-499D-B037-EB541149ACDF}"
EndProject
Project("{FAE04EC0-301F-11D3-BF4B-00C04F79EFBC}") = "FluentOperationUsage", "FluentOperationUsage\FluentOperationUsage.csproj", "{A54E4E31-34FA-460E-A141-F2508A17D3EA}"
EndProject
Global
	GlobalSection(SolutionConfigurationPlatforms) = preSolution
		Debug|Any CPU = Debug|Any CPU
		Release|Any CPU = Release|Any CPU
	EndGlobalSection
	GlobalSection(ProjectConfigurationPlatforms) = postSolution
		{9670880D-23EB-499D-B037-EB541149ACDF}.Debug|Any CPU.ActiveCfg = Debug|Any CPU
		{9670880D-23EB-499D-B037-EB541149ACDF}.Debug|Any CPU.Build.0 = Debug|Any CPU
		{9670880D-23EB-499D-B037-EB541149ACDF}.Release|Any CPU.ActiveCfg = Release|Any CPU
		{9670880D-23EB-499D-B037-EB541149ACDF}.Release|Any CPU.Build.0 = Release|Any CPU
		{A54E4E31-34FA-460E-A141-F2508A17D3EA}.Debug|Any CPU.ActiveCfg = Debug|Any CPU
		{A54E4E31-34FA-460E-A141-F2508A17D3EA}.Debug|Any CPU.Build.0 = Debug|Any CPU
		{A54E4E31-34FA-460E-A141-F2508A17D3EA}.Release|Any CPU.ActiveCfg = Release|Any CPU
		{A54E4E31-34FA-460E-A141-F2508A17D3EA}.Release|Any CPU.Build.0 = Release|Any CPU
	EndGlobalSection
EndGlobal
